
Microsoft Visual Studio Solution File, Format Version 12.00
# Visual Studio 16
Project("{FAE04EC0-301F-11D3-BF4B-00C04F79EFBC}") = "Assembly-CSharp", "Assembly-CSharp.csproj", "{D5269307-F2F7-5751-2948-D12865261645}"
EndProject
Project("{FAE04EC0-301F-11D3-BF4B-00C04F79EFBC}") = "Assembly-CSharp-firstpass", "Assembly-CSharp-firstpass.csproj", "{78DCAA86-654A-E731-CC76-F773CD1DD00F}"
EndProject
Project("{FAE04EC0-301F-11D3-BF4B-00C04F79EFBC}") = "Assembly-CSharp-Editor", "Assembly-CSharp-Editor.csproj", "{C0483564-326B-C6DD-D45E-BFFCE0828E02}"
EndProject
Global
	GlobalSection(SolutionConfigurationPlatforms) = preSolution
		Debug|Any CPU = Debug|Any CPU
		Release|Any CPU = Release|Any CPU
	EndGlobalSection
	GlobalSection(ProjectConfigurationPlatforms) = postSolution
		{D5269307-F2F7-5751-2948-D12865261645}.Debug|Any CPU.ActiveCfg = Debug|Any CPU
		{D5269307-F2F7-5751-2948-D12865261645}.Debug|Any CPU.Build.0 = Debug|Any CPU
		{D5269307-F2F7-5751-2948-D12865261645}.Release|Any CPU.ActiveCfg = Release|Any CPU
		{D5269307-F2F7-5751-2948-D12865261645}.Release|Any CPU.Build.0 = Release|Any CPU
		{78DCAA86-654A-E731-CC76-F773CD1DD00F}.Debug|Any CPU.ActiveCfg = Debug|Any CPU
		{78DCAA86-654A-E731-CC76-F773CD1DD00F}.Debug|Any CPU.Build.0 = Debug|Any CPU
		{78DCAA86-654A-E731-CC76-F773CD1DD00F}.Release|Any CPU.ActiveCfg = Release|Any CPU
		{78DCAA86-654A-E731-CC76-F773CD1DD00F}.Release|Any CPU.Build.0 = Release|Any CPU
		{C0483564-326B-C6DD-D45E-BFFCE0828E02}.Debug|Any CPU.ActiveCfg = Debug|Any CPU
		{C0483564-326B-C6DD-D45E-BFFCE0828E02}.Debug|Any CPU.Build.0 = Debug|Any CPU
		{C0483564-326B-C6DD-D45E-BFFCE0828E02}.Release|Any CPU.ActiveCfg = Release|Any CPU
		{C0483564-326B-C6DD-D45E-BFFCE0828E02}.Release|Any CPU.Build.0 = Release|Any CPU
	EndGlobalSection
	GlobalSection(SolutionProperties) = preSolution
		HideSolutionNode = FALSE
	EndGlobalSection
EndGlobal
